
Microsoft Visual Studio Solution File, Format Version 12.00
# Visual Studio Version 17
VisualStudioVersion = 17.6.33927.249
MinimumVisualStudioVersion = 10.0.40219.1
Project("{9A19103F-16F7-4668-BE54-9A1E7A4F7556}") = "Constraints", "Constraints\Constraints.csproj", "{AB23202F-9C56-4524-95C0-187F8D48C60D}"
EndProject
Project("{9A19103F-16F7-4668-BE54-9A1E7A4F7556}") = "Constraints.UnitTests", "Constraints.UnitTests\Constraints.UnitTests.csproj", "{0E370DEF-5693-4A90-BD35-2ED0CB7BF260}"
EndProject
Project("{2150E333-8FDC-42A3-9474-1A3956D46DE8}") = "Solution Items", "Solution Items", "{D6F96D97-B930-47C5-BC2E-A5C8E08943C4}"
	ProjectSection(SolutionItems) = preProject
		.gitignore = .gitignore
		build.cmd = build.cmd
		build.cmd.help.txt = build.cmd.help.txt
		checkinTest.cmd = checkinTest.cmd
		CopyrightChecks.cmd = CopyrightChecks.cmd
		LICENSE.txt = LICENSE.txt
		nuget.config = nuget.config
		SHLLC-Logo.jpg = SHLLC-Logo.jpg
	EndProjectSection
EndProject
Global
	GlobalSection(SolutionConfigurationPlatforms) = preSolution
		Debug|Any CPU = Debug|Any CPU
		Release|Any CPU = Release|Any CPU
	EndGlobalSection
	GlobalSection(ProjectConfigurationPlatforms) = postSolution
		{AB23202F-9C56-4524-95C0-187F8D48C60D}.Debug|Any CPU.ActiveCfg = Debug|Any CPU
		{AB23202F-9C56-4524-95C0-187F8D48C60D}.Debug|Any CPU.Build.0 = Debug|Any CPU
		{AB23202F-9C56-4524-95C0-187F8D48C60D}.Release|Any CPU.ActiveCfg = Release|Any CPU
		{AB23202F-9C56-4524-95C0-187F8D48C60D}.Release|Any CPU.Build.0 = Release|Any CPU
		{0E370DEF-5693-4A90-BD35-2ED0CB7BF260}.Debug|Any CPU.ActiveCfg = Debug|Any CPU
		{0E370DEF-5693-4A90-BD35-2ED0CB7BF260}.Debug|Any CPU.Build.0 = Debug|Any CPU
		{0E370DEF-5693-4A90-BD35-2ED0CB7BF260}.Release|Any CPU.ActiveCfg = Release|Any CPU
		{0E370DEF-5693-4A90-BD35-2ED0CB7BF260}.Release|Any CPU.Build.0 = Release|Any CPU
	EndGlobalSection
	GlobalSection(SolutionProperties) = preSolution
		HideSolutionNode = FALSE
	EndGlobalSection
	GlobalSection(ExtensibilityGlobals) = postSolution
		SolutionGuid = {A5F5DB1F-A1E3-46FE-9B44-E52338922708}
	EndGlobalSection
EndGlobal
